<?xml version="1.0" encoding="utf-8"?>
<Project ToolsVersion="4.0" xmlns="http://schemas.microsoft.com/developer/msbuild/2003">
  <ItemGroup>
    <Filter Include="Source Files">
      <UniqueIdentifier>{4FC737F1-C7A5-4376-A066-2A32D752A2FF}</UniqueIdentifier>
      <Extensions>cpp;c;cc;cxx;def;odl;idl;hpj;bat;asm;asmx</Extensions>
    </Filter>
    <Filter Include="Header Files">
      <UniqueIdentifier>{93995380-89BD-4b04-88EB-625FBE52EBFB}</UniqueIdentifier>
      <Extensions>h;hpp;hxx;hm;inl;inc;xsd</Extensions>
    </Filter>
    <Filter Include="Resource Files">
      <UniqueIdentifier>{67DA6AB6-F800-4c08-8B7A-83BB121AAD01}</UniqueIdentifier>
      <Extensions>rc;ico;cur;bmp;dlg;rc2;rct;bin;rgs;gif;jpg;jpeg;jpe;resx;tiff;tif;png;wav;mfcribbon-ms</Extensions>
    </Filter>
  </ItemGroup>
  <ItemGroup>
    <None Include="NSU2.ino" />
    <None Include="ClassDiagram.cd" />
  </ItemGroup>
  <ItemGroup>
    <ClInclude Include="Events.h">
      <Filter>Header Files</Filter>
    </ClInclude>
    <ClInclude Include="nsu_pins.h">
      <Filter>Header Files</Filter>
    </ClInclude>
    <ClInclude Include="UI.h">
      <Filter>Header Files</Filter>
    </ClInclude>
    <ClInclude Include="UITheme.h">
      <Filter>Header Files</Filter>
    </ClInclude>
    <ClInclude Include="WindowSplash.h">
      <Filter>Header Files</Filter>
    </ClInclude>
    <ClInclude Include="win_defs.h">
      <Filter>Header Files</Filter>
    </ClInclude>
    <ClInclude Include="TouchInput.h">
      <Filter>Header Files</Filter>
    </ClInclude>
    <ClInclude Include="LCDBacklight.h">
      <Filter>Header Files</Filter>
    </ClInclude>
    <ClInclude Include="List.h">
      <Filter>Header Files</Filter>
    </ClInclude>
    <ClInclude Include="MAX31855.h">
      <Filter>Header Files</Filter>
    </ClInclude>
    <ClInclude Include="Scenario.h">
      <Filter>Header Files</Filter>
    </ClInclude>
    <ClInclude Include="msg.h">
      <Filter>Header Files</Filter>
    </ClInclude>
    <ClInclude Include="WindowKatiline.h">
      <Filter>Header Files</Filter>
    </ClInclude>
    <ClInclude Include="CirculationPump.h">
      <Filter>Header Files</Filter>
    </ClInclude>
    <ClInclude Include="InputWindow.h">
      <Filter>Header Files</Filter>
    </ClInclude>
    <ClInclude Include="RelayModule.h">
      <Filter>Header Files</Filter>
    </ClInclude>
    <ClInclude Include="SideWindow.h">
      <Filter>Header Files</Filter>
    </ClInclude>
    <ClInclude Include="TempTrigger.h">
      <Filter>Header Files</Filter>
    </ClInclude>
    <ClInclude Include="TimeWidget.h">
      <Filter>Header Files</Filter>
    </ClInclude>
    <ClInclude Include="ftoa.h">
      <Filter>Header Files</Filter>
    </ClInclude>
    <ClInclude Include="Graphics.h">
      <Filter>Header Files</Filter>
    </ClInclude>
    <ClInclude Include="Collector.h">
      <Filter>Header Files</Filter>
    </ClInclude>
    <ClInclude Include="ComfortZones.h">
      <Filter>Header Files</Filter>
    </ClInclude>
    <ClInclude Include="ThermoValve.h">
      <Filter>Header Files</Filter>
    </ClInclude>
    <ClInclude Include="Settings.h">
      <Filter>Header Files</Filter>
    </ClInclude>
    <ClInclude Include="CmdServer.h">
      <Filter>Header Files</Filter>
    </ClInclude>
    <ClInclude Include="consts.h">
      <Filter>Header Files</Filter>
    </ClInclude>
    <ClInclude Include="Fonts.h">
      <Filter>Header Files</Filter>
    </ClInclude>
    <ClInclude Include="bvs_19.h">
      <Filter>Header Files</Filter>
    </ClInclude>
    <ClInclude Include="bvs_22.h">
      <Filter>Header Files</Filter>
    </ClInclude>
    <ClInclude Include="Switches.h">
      <Filter>Header Files</Filter>
    </ClInclude>
    <ClInclude Include="Actions.h">
      <Filter>Header Files</Filter>
    </ClInclude>
    <ClInclude Include="bmp_saule.h">
      <Filter>Header Files</Filter>
    </ClInclude>
    <ClInclude Include="bmp_snaige.h">
      <Filter>Header Files</Filter>
    </ClInclude>
    <ClInclude Include="bmp_temp_down.h">
      <Filter>Header Files</Filter>
    </ClInclude>
    <ClInclude Include="bmp_temp_up.h">
      <Filter>Header Files</Filter>
    </ClInclude>
    <ClInclude Include="bmp_karstas_vanduo_on.h">
      <Filter>Header Files</Filter>
    </ClInclude>
    <ClInclude Include="bmp_karstas_vanduo_off.h">
      <Filter>Header Files</Filter>
    </ClInclude>
    <ClInclude Include="Utilities.h">
      <Filter>Header Files</Filter>
    </ClInclude>
    <ClInclude Include="Timers.h">
      <Filter>Header Files</Filter>
    </ClInclude>
    <ClInclude Include="WaterBoiler.h">
      <Filter>Header Files</Filter>
    </ClInclude>
    <ClInclude Include="TimeSlice.h">
      <Filter>Header Files</Filter>
    </ClInclude>
    <ClInclude Include="EEPROM.h">
      <Filter>Header Files</Filter>
    </ClInclude>
    <ClInclude Include="eeprom_consts.h">
      <Filter>Header Files</Filter>
    </ClInclude>
    <ClInclude Include="Logger.h">
      <Filter>Header Files</Filter>
    </ClInclude>
    <ClInclude Include="__vm\.NSU2.vsarduino.h">
      <Filter>Header Files</Filter>
    </ClInclude>
    <ClInclude Include="aJson.h">
      <Filter>Header Files</Filter>
    </ClInclude>
    <ClInclude Include="FileManager.h">
      <Filter>Header Files</Filter>
    </ClInclude>
    <ClInclude Include="BootChecker.h">
      <Filter>Header Files</Filter>
    </ClInclude>
    <ClInclude Include="SystemStatus.h">
      <Filter>Header Files</Filter>
    </ClInclude>
    <ClInclude Include="JsonPrinter.h">
      <Filter>Header Files</Filter>
    </ClInclude>
    <ClInclude Include="WoodBoiler.h">
      <Filter>Header Files</Filter>
    </ClInclude>
    <ClInclude Include="Window.h">
      <Filter>Header Files</Filter>
    </ClInclude>
    <ClInclude Include="Windows.h">
      <Filter>Header Files</Filter>
    </ClInclude>
    <ClInclude Include="SettingsOLD.h">
      <Filter>Header Files</Filter>
    </ClInclude>
    <ClInclude Include="SystemFan.h">
      <Filter>Header Files</Filter>
    </ClInclude>
    <ClInclude Include="TSensors.h">
      <Filter>Header Files</Filter>
    </ClInclude>
    <ClInclude Include="Alarm.h">
      <Filter>Header Files</Filter>
    </ClInclude>
  </ItemGroup>
  <ItemGroup>
    <ClCompile Include="Events.cpp">
      <Filter>Source Files</Filter>
    </ClCompile>
    <ClCompile Include="UI.cpp">
      <Filter>Source Files</Filter>
    </ClCompile>
    <ClCompile Include="WindowSplash.cpp">
      <Filter>Source Files</Filter>
    </ClCompile>
    <ClCompile Include="TouchInput.cpp">
      <Filter>Source Files</Filter>
    </ClCompile>
    <ClCompile Include="LCDBacklight.cpp">
      <Filter>Source Files</Filter>
    </ClCompile>
    <ClCompile Include="MAX31855.cpp">
      <Filter>Source Files</Filter>
    </ClCompile>
    <ClCompile Include="Scenario.cpp">
      <Filter>Source Files</Filter>
    </ClCompile>
    <ClCompile Include="WindowKatiline.cpp">
      <Filter>Source Files</Filter>
    </ClCompile>
    <ClCompile Include="CirculationPump.cpp">
      <Filter>Source Files</Filter>
    </ClCompile>
    <ClCompile Include="InputWindow.cpp">
      <Filter>Source Files</Filter>
    </ClCompile>
    <ClCompile Include="RelayModule.cpp">
      <Filter>Source Files</Filter>
    </ClCompile>
    <ClCompile Include="SideWindow.cpp">
      <Filter>Source Files</Filter>
    </ClCompile>
    <ClCompile Include="TempTrigger.cpp">
      <Filter>Source Files</Filter>
    </ClCompile>
    <ClCompile Include="TimeWidget.cpp">
      <Filter>Source Files</Filter>
    </ClCompile>
    <ClCompile Include="Collector.cpp">
      <Filter>Source Files</Filter>
    </ClCompile>
    <ClCompile Include="ComfortZones.cpp">
      <Filter>Source Files</Filter>
    </ClCompile>
    <ClCompile Include="Settings.cpp">
      <Filter>Source Files</Filter>
    </ClCompile>
    <ClCompile Include="CmdServer.cpp">
      <Filter>Source Files</Filter>
    </ClCompile>
    <ClCompile Include="Fonts.cpp">
      <Filter>Source Files</Filter>
    </ClCompile>
    <ClCompile Include="Switches.cpp">
      <Filter>Source Files</Filter>
    </ClCompile>
    <ClCompile Include="Actions.cpp">
      <Filter>Source Files</Filter>
    </ClCompile>
    <ClCompile Include="Utilities.cpp">
      <Filter>Source Files</Filter>
    </ClCompile>
    <ClCompile Include="Timers.cpp">
      <Filter>Source Files</Filter>
    </ClCompile>
    <ClCompile Include="WaterBoiler.cpp">
      <Filter>Source Files</Filter>
    </ClCompile>
    <ClCompile Include="TimeSlice.cpp">
      <Filter>Source Files</Filter>
    </ClCompile>
    <ClCompile Include="EEPROM.cpp">
      <Filter>Source Files</Filter>
    </ClCompile>
    <ClCompile Include="Logger.cpp">
      <Filter>Source Files</Filter>
    </ClCompile>
    <ClCompile Include="FileManager.cpp">
      <Filter>Source Files</Filter>
    </ClCompile>
    <ClCompile Include="BootChecker.cpp">
      <Filter>Source Files</Filter>
    </ClCompile>
    <ClCompile Include="SystemStatus.cpp">
      <Filter>Source Files</Filter>
    </ClCompile>
    <ClCompile Include="JsonPrinter.cpp">
      <Filter>Source Files</Filter>
    </ClCompile>
    <ClCompile Include="WoodBoiler.cpp">
      <Filter>Source Files</Filter>
    </ClCompile>
    <ClCompile Include="Window.cpp">
      <Filter>Source Files</Filter>
    </ClCompile>
    <ClCompile Include="Windows.cpp">
      <Filter>Source Files</Filter>
    </ClCompile>
    <ClCompile Include="SystemFan.cpp">
      <Filter>Source Files</Filter>
    </ClCompile>
    <ClCompile Include="TSensors.cpp">
      <Filter>Source Files</Filter>
    </ClCompile>
    <ClCompile Include="Alarm.cpp">
      <Filter>Source Files</Filter>
    </ClCompile>
  </ItemGroup>
</Project>